
Microsoft Visual Studio Solution File, Format Version 12.00
# Visual Studio 2013
VisualStudioVersion = 12.0.40629.0
MinimumVisualStudioVersion = 10.0.40219.1
Project("{FAE04EC0-301F-11D3-BF4B-00C04F79EFBC}") = "Proyecto", "Proyecto\Proyecto.csproj", "{A7C22F05-8B63-4EA0-9FD8-4DB574936AFF}"
EndProject
Global
	GlobalSection(SolutionConfigurationPlatforms) = preSolution
		Debug|Any CPU = Debug|Any CPU
		Release|Any CPU = Release|Any CPU
	EndGlobalSection
	GlobalSection(ProjectConfigurationPlatforms) = postSolution
		{A7C22F05-8B63-4EA0-9FD8-4DB574936AFF}.Debug|Any CPU.ActiveCfg = Debug|Any CPU
		{A7C22F05-8B63-4EA0-9FD8-4DB574936AFF}.Debug|Any CPU.Build.0 = Debug|Any CPU
		{A7C22F05-8B63-4EA0-9FD8-4DB574936AFF}.Release|Any CPU.ActiveCfg = Release|Any CPU
		{A7C22F05-8B63-4EA0-9FD8-4DB574936AFF}.Release|Any CPU.Build.0 = Release|Any CPU
	EndGlobalSection
	GlobalSection(SolutionProperties) = preSolution
		HideSolutionNode = FALSE
	EndGlobalSection
EndGlobal
